
Microsoft Visual Studio Solution File, Format Version 12.00
# Visual Studio Version 16
VisualStudioVersion = 16.0.29521.150
MinimumVisualStudioVersion = 10.0.40219.1
Project("{FAE04EC0-301F-11D3-BF4B-00C04F79EFBC}") = "http_console", "http_console\http_console.csproj", "{11F319E3-FDF4-4EE4-ABE5-193137F9641D}"
EndProject
Global
	GlobalSection(SolutionConfigurationPlatforms) = preSolution
		Debug|Any CPU = Debug|Any CPU
		Release|Any CPU = Release|Any CPU
	EndGlobalSection
	GlobalSection(ProjectConfigurationPlatforms) = postSolution
		{11F319E3-FDF4-4EE4-ABE5-193137F9641D}.Debug|Any CPU.ActiveCfg = Debug|Any CPU
		{11F319E3-FDF4-4EE4-ABE5-193137F9641D}.Debug|Any CPU.Build.0 = Debug|Any CPU
		{11F319E3-FDF4-4EE4-ABE5-193137F9641D}.Release|Any CPU.ActiveCfg = Release|Any CPU
		{11F319E3-FDF4-4EE4-ABE5-193137F9641D}.Release|Any CPU.Build.0 = Release|Any CPU
	EndGlobalSection
	GlobalSection(SolutionProperties) = preSolution
		HideSolutionNode = FALSE
	EndGlobalSection
	GlobalSection(ExtensibilityGlobals) = postSolution
		SolutionGuid = {B66F8D0A-0E72-4F8B-86E9-5079CE44A32A}
	EndGlobalSection
EndGlobal
